// !$*UTF8*$!
{
	archiveVersion = 1;
	classes = {
	};
	objectVersion = 50;
	objects = {

/* Begin PBXBuildFile section */
		5067138F96BD1D4E0DBE5A24 /* Pods_MuZestUITests.framework in Frameworks */ = {isa = PBXBuildFile; fileRef = 19D87E79B646A51D51BB66B6 /* Pods_MuZestUITests.framework */; };
		5BE5010121CAA7061A5A2299 /* Pods_MuZestTests.framework in Frameworks */ = {isa = PBXBuildFile; fileRef = BC159680DF126814644D620D /* Pods_MuZestTests.framework */; };
		611D3E8CBDF6B4BB554DACA6 /* Pods_MuZest.framework in Frameworks */ = {isa = PBXBuildFile; fileRef = 832E0F6DBBA9640CF5F0DADF /* Pods_MuZest.framework */; };
		7125717421C07FE4007553B4 /* CreatePostViewController.swift in Sources */ = {isa = PBXBuildFile; fileRef = 7125717321C07FE4007553B4 /* CreatePostViewController.swift */; };
		7125717921C0EE42007553B4 /* PlayerManager.swift in Sources */ = {isa = PBXBuildFile; fileRef = 7125717821C0EE42007553B4 /* PlayerManager.swift */; };
		7125717C21C0EEE3007553B4 /* APIClient.swift in Sources */ = {isa = PBXBuildFile; fileRef = 7125717B21C0EEE3007553B4 /* APIClient.swift */; };
		7125717E21C0EEFA007553B4 /* SongModel.swift in Sources */ = {isa = PBXBuildFile; fileRef = 7125717D21C0EEFA007553B4 /* SongModel.swift */; };
		7125718021C0F078007553B4 /* BrowseViewController.swift in Sources */ = {isa = PBXBuildFile; fileRef = 7125717F21C0F078007553B4 /* BrowseViewController.swift */; };
		7125718221C0F10C007553B4 /* SongCell.swift in Sources */ = {isa = PBXBuildFile; fileRef = 7125718121C0F10C007553B4 /* SongCell.swift */; };
		7125718421C0F1D0007553B4 /* PlayerViewController.swift in Sources */ = {isa = PBXBuildFile; fileRef = 7125718321C0F1D0007553B4 /* PlayerViewController.swift */; };
		7125718621C0F2CA007553B4 /* SongDetailViewController.swift in Sources */ = {isa = PBXBuildFile; fileRef = 7125718521C0F2CA007553B4 /* SongDetailViewController.swift */; };
		7125718921C0F320007553B4 /* UIImage.swift in Sources */ = {isa = PBXBuildFile; fileRef = 7125718821C0F320007553B4 /* UIImage.swift */; };
		7185A2DA21A6425C009D457B /* FeedTableViewController.swift in Sources */ = {isa = PBXBuildFile; fileRef = 7185A2D921A6425C009D457B /* FeedTableViewController.swift */; };
		7185A2DC21A64485009D457B /* PostCell.swift in Sources */ = {isa = PBXBuildFile; fileRef = 7185A2DB21A64485009D457B /* PostCell.swift */; };
		719391072177EB390089FBF6 /* AppDelegate.swift in Sources */ = {isa = PBXBuildFile; fileRef = 719391062177EB390089FBF6 /* AppDelegate.swift */; };
		7193910C2177EB390089FBF6 /* Main.storyboard in Resources */ = {isa = PBXBuildFile; fileRef = 7193910A2177EB390089FBF6 /* Main.storyboard */; };
		719391112177EB390089FBF6 /* LaunchScreen.storyboard in Resources */ = {isa = PBXBuildFile; fileRef = 7193910F2177EB390089FBF6 /* LaunchScreen.storyboard */; };
		7193911C2177EB390089FBF6 /* MuZestTests.swift in Sources */ = {isa = PBXBuildFile; fileRef = 7193911B2177EB390089FBF6 /* MuZestTests.swift */; };
		719391272177EB390089FBF6 /* MuZestUITests.swift in Sources */ = {isa = PBXBuildFile; fileRef = 719391262177EB390089FBF6 /* MuZestUITests.swift */; };
		71CF77AE21A63B3F0054CBAC /* Feed.storyboard in Resources */ = {isa = PBXBuildFile; fileRef = 71CF77AD21A63B3F0054CBAC /* Feed.storyboard */; };
		71CF77B221A63BFA0054CBAC /* PostHeaderCell.swift in Sources */ = {isa = PBXBuildFile; fileRef = 71CF77B121A63BFA0054CBAC /* PostHeaderCell.swift */; };
		71CF77B621A63CFA0054CBAC /* User.swift in Sources */ = {isa = PBXBuildFile; fileRef = 71CF77B521A63CFA0054CBAC /* User.swift */; };
		71CF77B821A63D120054CBAC /* Post.swift in Sources */ = {isa = PBXBuildFile; fileRef = 71CF77B721A63D120054CBAC /* Post.swift */; };
		A41E1E2921898FF1003DB027 /* NetworkReachability.swift in Sources */ = {isa = PBXBuildFile; fileRef = A41E1E2821898FF1003DB027 /* NetworkReachability.swift */; };
		A425975A21BF165A00DD2132 /* ProfileProtocols.swift in Sources */ = {isa = PBXBuildFile; fileRef = A425975921BF165A00DD2132 /* ProfileProtocols.swift */; };
		A425975C21BF166C00DD2132 /* ProfilePresenter.swift in Sources */ = {isa = PBXBuildFile; fileRef = A425975B21BF166C00DD2132 /* ProfilePresenter.swift */; };
		A425975E21BF168700DD2132 /* ProfileConfigurator.swift in Sources */ = {isa = PBXBuildFile; fileRef = A425975D21BF168700DD2132 /* ProfileConfigurator.swift */; };
		A425976021BF169B00DD2132 /* ProfileRouter.swift in Sources */ = {isa = PBXBuildFile; fileRef = A425975F21BF169B00DD2132 /* ProfileRouter.swift */; };
		A425976221BF16B800DD2132 /* ProfileInteractor.swift in Sources */ = {isa = PBXBuildFile; fileRef = A425976121BF16B800DD2132 /* ProfileInteractor.swift */; };
		A467ADE821C1696C00C12F17 /* ProfileView.swift in Sources */ = {isa = PBXBuildFile; fileRef = A467ADE721C1696C00C12F17 /* ProfileView.swift */; };
		A482817021C9252C0088C728 /* Assets.xcassets in Resources */ = {isa = PBXBuildFile; fileRef = A482816F21C9252B0088C728 /* Assets.xcassets */; };
		A4BE6640219AD7E100E926A6 /* AuthView.swift in Sources */ = {isa = PBXBuildFile; fileRef = A4BE663F219AD7E100E926A6 /* AuthView.swift */; };
		A4BE6642219AD83300E926A6 /* AuthProtocols.swift in Sources */ = {isa = PBXBuildFile; fileRef = A4BE6641219AD83300E926A6 /* AuthProtocols.swift */; };
		A4BE6644219AD8A500E926A6 /* AuthConfigurator.swift in Sources */ = {isa = PBXBuildFile; fileRef = A4BE6643219AD8A500E926A6 /* AuthConfigurator.swift */; };
		A4BE6646219AD8E700E926A6 /* AuthPresenter.swift in Sources */ = {isa = PBXBuildFile; fileRef = A4BE6645219AD8E700E926A6 /* AuthPresenter.swift */; };
		A4BE6648219AD8F400E926A6 /* AuthInteractor.swift in Sources */ = {isa = PBXBuildFile; fileRef = A4BE6647219AD8F400E926A6 /* AuthInteractor.swift */; };
		A4BE664A219AD90500E926A6 /* AuthRouter.swift in Sources */ = {isa = PBXBuildFile; fileRef = A4BE6649219AD90500E926A6 /* AuthRouter.swift */; };
		A4C63B84219DCE5500D4C354 /* CreatingPost.storyboard in Resources */ = {isa = PBXBuildFile; fileRef = A4C63B83219DCE5500D4C354 /* CreatingPost.storyboard */; };
		A4C63B88219DCEAE00D4C354 /* Profile.storyboard in Resources */ = {isa = PBXBuildFile; fileRef = A4C63B87219DCEAE00D4C354 /* Profile.storyboard */; };
		A4DA20C121C08B8E00B14B01 /* SettingsView.swift in Sources */ = {isa = PBXBuildFile; fileRef = A4DA20C021C08B8E00B14B01 /* SettingsView.swift */; };
		A4DA20C321C08BA100B14B01 /* SettingsProtocols.swift in Sources */ = {isa = PBXBuildFile; fileRef = A4DA20C221C08BA100B14B01 /* SettingsProtocols.swift */; };
		A4DA20C521C08BB100B14B01 /* SettingsPresenter.swift in Sources */ = {isa = PBXBuildFile; fileRef = A4DA20C421C08BB100B14B01 /* SettingsPresenter.swift */; };
		A4DA20C721C08BC800B14B01 /* SettingsConfigurator.swift in Sources */ = {isa = PBXBuildFile; fileRef = A4DA20C621C08BC800B14B01 /* SettingsConfigurator.swift */; };
		A4DA20C921C08BDB00B14B01 /* SettingsRouter.swift in Sources */ = {isa = PBXBuildFile; fileRef = A4DA20C821C08BDB00B14B01 /* SettingsRouter.swift */; };
		A4DA20CB21C08C1C00B14B01 /* SettingsInteractor.swift in Sources */ = {isa = PBXBuildFile; fileRef = A4DA20CA21C08C1C00B14B01 /* SettingsInteractor.swift */; };
		A4DA20CD21C09F4700B14B01 /* Structs.swift in Sources */ = {isa = PBXBuildFile; fileRef = A4DA20CC21C09F4700B14B01 /* Structs.swift */; };
		A4FC858F2185D6EC003F7DB1 /* RegisterView.swift in Sources */ = {isa = PBXBuildFile; fileRef = A4FC858E2185D6EC003F7DB1 /* RegisterView.swift */; };
		A4FC85932185D7EC003F7DB1 /* RegisterRouter.swift in Sources */ = {isa = PBXBuildFile; fileRef = A4FC85922185D7EC003F7DB1 /* RegisterRouter.swift */; };
		A4FC85952185D816003F7DB1 /* RegisterConfigurator.swift in Sources */ = {isa = PBXBuildFile; fileRef = A4FC85942185D816003F7DB1 /* RegisterConfigurator.swift */; };
		A4FC85972185D828003F7DB1 /* RegisterPresenter.swift in Sources */ = {isa = PBXBuildFile; fileRef = A4FC85962185D828003F7DB1 /* RegisterPresenter.swift */; };
		A4FC85992185D842003F7DB1 /* RegisterInteractor.swift in Sources */ = {isa = PBXBuildFile; fileRef = A4FC85982185D842003F7DB1 /* RegisterInteractor.swift */; };
		A4FC859B2185D962003F7DB1 /* RegisterProtocols.swift in Sources */ = {isa = PBXBuildFile; fileRef = A4FC859A2185D962003F7DB1 /* RegisterProtocols.swift */; };
		C12D8725217BB35800E678D5 /* GoogleService-Info.plist in Resources */ = {isa = PBXBuildFile; fileRef = C12D8724217BB35800E678D5 /* GoogleService-Info.plist */; };
		C12D8729217BB39900E678D5 /* Podfile in Resources */ = {isa = PBXBuildFile; fileRef = C12D8728217BB39900E678D5 /* Podfile */; };
/* End PBXBuildFile section */

/* Begin PBXContainerItemProxy section */
		719391182177EB390089FBF6 /* PBXContainerItemProxy */ = {
			isa = PBXContainerItemProxy;
			containerPortal = 719390FB2177EB390089FBF6 /* Project object */;
			proxyType = 1;
			remoteGlobalIDString = 719391022177EB390089FBF6;
			remoteInfo = MuZest;
		};
		719391232177EB390089FBF6 /* PBXContainerItemProxy */ = {
			isa = PBXContainerItemProxy;
			containerPortal = 719390FB2177EB390089FBF6 /* Project object */;
			proxyType = 1;
			remoteGlobalIDString = 719391022177EB390089FBF6;
			remoteInfo = MuZest;
		};
/* End PBXContainerItemProxy section */

/* Begin PBXFileReference section */
		19D87E79B646A51D51BB66B6 /* Pods_MuZestUITests.framework */ = {isa = PBXFileReference; explicitFileType = wrapper.framework; includeInIndex = 0; path = Pods_MuZestUITests.framework; sourceTree = BUILT_PRODUCTS_DIR; };
		1E43145D8BFFC767D000807F /* Pods-MuZestTests.debug.xcconfig */ = {isa = PBXFileReference; includeInIndex = 1; lastKnownFileType = text.xcconfig; name = "Pods-MuZestTests.debug.xcconfig"; path = "Pods/Target Support Files/Pods-MuZestTests/Pods-MuZestTests.debug.xcconfig"; sourceTree = "<group>"; };
		4CD017414691393993F3FF6A /* Pods-MuZestUITests.release.xcconfig */ = {isa = PBXFileReference; includeInIndex = 1; lastKnownFileType = text.xcconfig; name = "Pods-MuZestUITests.release.xcconfig"; path = "Pods/Target Support Files/Pods-MuZestUITests/Pods-MuZestUITests.release.xcconfig"; sourceTree = "<group>"; };
		7125717321C07FE4007553B4 /* CreatePostViewController.swift */ = {isa = PBXFileReference; lastKnownFileType = sourcecode.swift; path = CreatePostViewController.swift; sourceTree = "<group>"; };
		7125717821C0EE42007553B4 /* PlayerManager.swift */ = {isa = PBXFileReference; lastKnownFileType = sourcecode.swift; path = PlayerManager.swift; sourceTree = "<group>"; };
		7125717B21C0EEE3007553B4 /* APIClient.swift */ = {isa = PBXFileReference; lastKnownFileType = sourcecode.swift; path = APIClient.swift; sourceTree = "<group>"; };
		7125717D21C0EEFA007553B4 /* SongModel.swift */ = {isa = PBXFileReference; lastKnownFileType = sourcecode.swift; path = SongModel.swift; sourceTree = "<group>"; };
		7125717F21C0F078007553B4 /* BrowseViewController.swift */ = {isa = PBXFileReference; lastKnownFileType = sourcecode.swift; path = BrowseViewController.swift; sourceTree = "<group>"; };
		7125718121C0F10C007553B4 /* SongCell.swift */ = {isa = PBXFileReference; lastKnownFileType = sourcecode.swift; path = SongCell.swift; sourceTree = "<group>"; };
		7125718321C0F1D0007553B4 /* PlayerViewController.swift */ = {isa = PBXFileReference; lastKnownFileType = sourcecode.swift; path = PlayerViewController.swift; sourceTree = "<group>"; };
		7125718521C0F2CA007553B4 /* SongDetailViewController.swift */ = {isa = PBXFileReference; lastKnownFileType = sourcecode.swift; path = SongDetailViewController.swift; sourceTree = "<group>"; };
		7125718821C0F320007553B4 /* UIImage.swift */ = {isa = PBXFileReference; lastKnownFileType = sourcecode.swift; path = UIImage.swift; sourceTree = "<group>"; };
		7185A2D921A6425C009D457B /* FeedTableViewController.swift */ = {isa = PBXFileReference; lastKnownFileType = sourcecode.swift; path = FeedTableViewController.swift; sourceTree = "<group>"; };
		7185A2DB21A64485009D457B /* PostCell.swift */ = {isa = PBXFileReference; lastKnownFileType = sourcecode.swift; path = PostCell.swift; sourceTree = "<group>"; };
		719391032177EB390089FBF6 /* MuZest.app */ = {isa = PBXFileReference; explicitFileType = wrapper.application; includeInIndex = 0; path = MuZest.app; sourceTree = BUILT_PRODUCTS_DIR; };
		719391062177EB390089FBF6 /* AppDelegate.swift */ = {isa = PBXFileReference; lastKnownFileType = sourcecode.swift; path = AppDelegate.swift; sourceTree = "<group>"; };
		7193910B2177EB390089FBF6 /* Base */ = {isa = PBXFileReference; lastKnownFileType = file.storyboard; name = Base; path = Base.lproj/Main.storyboard; sourceTree = "<group>"; };
		719391102177EB390089FBF6 /* Base */ = {isa = PBXFileReference; lastKnownFileType = file.storyboard; name = Base; path = Base.lproj/LaunchScreen.storyboard; sourceTree = "<group>"; };
		719391122177EB390089FBF6 /* Info.plist */ = {isa = PBXFileReference; lastKnownFileType = text.plist.xml; path = Info.plist; sourceTree = "<group>"; };
		719391172177EB390089FBF6 /* MuZestTests.xctest */ = {isa = PBXFileReference; explicitFileType = wrapper.cfbundle; includeInIndex = 0; path = MuZestTests.xctest; sourceTree = BUILT_PRODUCTS_DIR; };
		7193911B2177EB390089FBF6 /* MuZestTests.swift */ = {isa = PBXFileReference; lastKnownFileType = sourcecode.swift; path = MuZestTests.swift; sourceTree = "<group>"; };
		7193911D2177EB390089FBF6 /* Info.plist */ = {isa = PBXFileReference; lastKnownFileType = text.plist.xml; path = Info.plist; sourceTree = "<group>"; };
		719391222177EB390089FBF6 /* MuZestUITests.xctest */ = {isa = PBXFileReference; explicitFileType = wrapper.cfbundle; includeInIndex = 0; path = MuZestUITests.xctest; sourceTree = BUILT_PRODUCTS_DIR; };
		719391262177EB390089FBF6 /* MuZestUITests.swift */ = {isa = PBXFileReference; lastKnownFileType = sourcecode.swift; path = MuZestUITests.swift; sourceTree = "<group>"; };
		719391282177EB390089FBF6 /* Info.plist */ = {isa = PBXFileReference; lastKnownFileType = text.plist.xml; path = Info.plist; sourceTree = "<group>"; };
		71CF77AD21A63B3F0054CBAC /* Feed.storyboard */ = {isa = PBXFileReference; fileEncoding = 4; lastKnownFileType = file.storyboard; path = Feed.storyboard; sourceTree = "<group>"; };
		71CF77B121A63BFA0054CBAC /* PostHeaderCell.swift */ = {isa = PBXFileReference; lastKnownFileType = sourcecode.swift; path = PostHeaderCell.swift; sourceTree = "<group>"; };
		71CF77B521A63CFA0054CBAC /* User.swift */ = {isa = PBXFileReference; lastKnownFileType = sourcecode.swift; path = User.swift; sourceTree = "<group>"; };
		71CF77B721A63D120054CBAC /* Post.swift */ = {isa = PBXFileReference; lastKnownFileType = sourcecode.swift; path = Post.swift; sourceTree = "<group>"; };
		832E0F6DBBA9640CF5F0DADF /* Pods_MuZest.framework */ = {isa = PBXFileReference; explicitFileType = wrapper.framework; includeInIndex = 0; path = Pods_MuZest.framework; sourceTree = BUILT_PRODUCTS_DIR; };
		84AF643D472AF31ADF33C5DD /* Pods-MuZestTests.release.xcconfig */ = {isa = PBXFileReference; includeInIndex = 1; lastKnownFileType = text.xcconfig; name = "Pods-MuZestTests.release.xcconfig"; path = "Pods/Target Support Files/Pods-MuZestTests/Pods-MuZestTests.release.xcconfig"; sourceTree = "<group>"; };
		A41E1E2821898FF1003DB027 /* NetworkReachability.swift */ = {isa = PBXFileReference; lastKnownFileType = sourcecode.swift; path = NetworkReachability.swift; sourceTree = "<group>"; };
		A425975921BF165A00DD2132 /* ProfileProtocols.swift */ = {isa = PBXFileReference; lastKnownFileType = sourcecode.swift; path = ProfileProtocols.swift; sourceTree = "<group>"; };
		A425975B21BF166C00DD2132 /* ProfilePresenter.swift */ = {isa = PBXFileReference; lastKnownFileType = sourcecode.swift; path = ProfilePresenter.swift; sourceTree = "<group>"; };
		A425975D21BF168700DD2132 /* ProfileConfigurator.swift */ = {isa = PBXFileReference; lastKnownFileType = sourcecode.swift; path = ProfileConfigurator.swift; sourceTree = "<group>"; };
		A425975F21BF169B00DD2132 /* ProfileRouter.swift */ = {isa = PBXFileReference; lastKnownFileType = sourcecode.swift; path = ProfileRouter.swift; sourceTree = "<group>"; };
		A425976121BF16B800DD2132 /* ProfileInteractor.swift */ = {isa = PBXFileReference; lastKnownFileType = sourcecode.swift; path = ProfileInteractor.swift; sourceTree = "<group>"; };
		A467ADE721C1696C00C12F17 /* ProfileView.swift */ = {isa = PBXFileReference; fileEncoding = 4; lastKnownFileType = sourcecode.swift; path = ProfileView.swift; sourceTree = "<group>"; };
		A482816F21C9252B0088C728 /* Assets.xcassets */ = {isa = PBXFileReference; lastKnownFileType = folder.assetcatalog; path = Assets.xcassets; sourceTree = "<group>"; };
		A4BE663F219AD7E100E926A6 /* AuthView.swift */ = {isa = PBXFileReference; lastKnownFileType = sourcecode.swift; path = AuthView.swift; sourceTree = "<group>"; };
		A4BE6641219AD83300E926A6 /* AuthProtocols.swift */ = {isa = PBXFileReference; lastKnownFileType = sourcecode.swift; path = AuthProtocols.swift; sourceTree = "<group>"; };
		A4BE6643219AD8A500E926A6 /* AuthConfigurator.swift */ = {isa = PBXFileReference; lastKnownFileType = sourcecode.swift; path = AuthConfigurator.swift; sourceTree = "<group>"; };
		A4BE6645219AD8E700E926A6 /* AuthPresenter.swift */ = {isa = PBXFileReference; lastKnownFileType = sourcecode.swift; path = AuthPresenter.swift; sourceTree = "<group>"; };
		A4BE6647219AD8F400E926A6 /* AuthInteractor.swift */ = {isa = PBXFileReference; lastKnownFileType = sourcecode.swift; path = AuthInteractor.swift; sourceTree = "<group>"; };
		A4BE6649219AD90500E926A6 /* AuthRouter.swift */ = {isa = PBXFileReference; lastKnownFileType = sourcecode.swift; path = AuthRouter.swift; sourceTree = "<group>"; };
		A4C63B83219DCE5500D4C354 /* CreatingPost.storyboard */ = {isa = PBXFileReference; fileEncoding = 4; lastKnownFileType = file.storyboard; path = CreatingPost.storyboard; sourceTree = "<group>"; };
		A4C63B87219DCEAE00D4C354 /* Profile.storyboard */ = {isa = PBXFileReference; fileEncoding = 4; lastKnownFileType = file.storyboard; path = Profile.storyboard; sourceTree = "<group>"; };
		A4DA20C021C08B8E00B14B01 /* SettingsView.swift */ = {isa = PBXFileReference; lastKnownFileType = sourcecode.swift; path = SettingsView.swift; sourceTree = "<group>"; };
		A4DA20C221C08BA100B14B01 /* SettingsProtocols.swift */ = {isa = PBXFileReference; lastKnownFileType = sourcecode.swift; path = SettingsProtocols.swift; sourceTree = "<group>"; };
		A4DA20C421C08BB100B14B01 /* SettingsPresenter.swift */ = {isa = PBXFileReference; lastKnownFileType = sourcecode.swift; path = SettingsPresenter.swift; sourceTree = "<group>"; };
		A4DA20C621C08BC800B14B01 /* SettingsConfigurator.swift */ = {isa = PBXFileReference; lastKnownFileType = sourcecode.swift; path = SettingsConfigurator.swift; sourceTree = "<group>"; };
		A4DA20C821C08BDB00B14B01 /* SettingsRouter.swift */ = {isa = PBXFileReference; lastKnownFileType = sourcecode.swift; path = SettingsRouter.swift; sourceTree = "<group>"; };
		A4DA20CA21C08C1C00B14B01 /* SettingsInteractor.swift */ = {isa = PBXFileReference; lastKnownFileType = sourcecode.swift; path = SettingsInteractor.swift; sourceTree = "<group>"; };
		A4DA20CC21C09F4700B14B01 /* Structs.swift */ = {isa = PBXFileReference; lastKnownFileType = sourcecode.swift; path = Structs.swift; sourceTree = "<group>"; };
		A4FC858E2185D6EC003F7DB1 /* RegisterView.swift */ = {isa = PBXFileReference; lastKnownFileType = sourcecode.swift; path = RegisterView.swift; sourceTree = "<group>"; };
		A4FC85922185D7EC003F7DB1 /* RegisterRouter.swift */ = {isa = PBXFileReference; lastKnownFileType = sourcecode.swift; path = RegisterRouter.swift; sourceTree = "<group>"; };
		A4FC85942185D816003F7DB1 /* RegisterConfigurator.swift */ = {isa = PBXFileReference; lastKnownFileType = sourcecode.swift; path = RegisterConfigurator.swift; sourceTree = "<group>"; };
		A4FC85962185D828003F7DB1 /* RegisterPresenter.swift */ = {isa = PBXFileReference; lastKnownFileType = sourcecode.swift; path = RegisterPresenter.swift; sourceTree = "<group>"; };
		A4FC85982185D842003F7DB1 /* RegisterInteractor.swift */ = {isa = PBXFileReference; lastKnownFileType = sourcecode.swift; path = RegisterInteractor.swift; sourceTree = "<group>"; };
		A4FC859A2185D962003F7DB1 /* RegisterProtocols.swift */ = {isa = PBXFileReference; lastKnownFileType = sourcecode.swift; path = RegisterProtocols.swift; sourceTree = "<group>"; };
		BC159680DF126814644D620D /* Pods_MuZestTests.framework */ = {isa = PBXFileReference; explicitFileType = wrapper.framework; includeInIndex = 0; path = Pods_MuZestTests.framework; sourceTree = BUILT_PRODUCTS_DIR; };
		C12D8724217BB35800E678D5 /* GoogleService-Info.plist */ = {isa = PBXFileReference; fileEncoding = 4; lastKnownFileType = text.plist.xml; path = "GoogleService-Info.plist"; sourceTree = "<group>"; };
		C12D8728217BB39900E678D5 /* Podfile */ = {isa = PBXFileReference; fileEncoding = 4; lastKnownFileType = text; path = Podfile; sourceTree = "<group>"; xcLanguageSpecificationIdentifier = xcode.lang.ruby; };
		CB3DB6B23B870819A74F6827 /* Pods-MuZest.debug.xcconfig */ = {isa = PBXFileReference; includeInIndex = 1; lastKnownFileType = text.xcconfig; name = "Pods-MuZest.debug.xcconfig"; path = "Pods/Target Support Files/Pods-MuZest/Pods-MuZest.debug.xcconfig"; sourceTree = "<group>"; };
		E49CF821C4E400E1284735D4 /* Pods-MuZestUITests.debug.xcconfig */ = {isa = PBXFileReference; includeInIndex = 1; lastKnownFileType = text.xcconfig; name = "Pods-MuZestUITests.debug.xcconfig"; path = "Pods/Target Support Files/Pods-MuZestUITests/Pods-MuZestUITests.debug.xcconfig"; sourceTree = "<group>"; };
		FC8DD2E487288988AB517CA0 /* Pods-MuZest.release.xcconfig */ = {isa = PBXFileReference; includeInIndex = 1; lastKnownFileType = text.xcconfig; name = "Pods-MuZest.release.xcconfig"; path = "Pods/Target Support Files/Pods-MuZest/Pods-MuZest.release.xcconfig"; sourceTree = "<group>"; };
/* End PBXFileReference section */

/* Begin PBXFrameworksBuildPhase section */
		719391002177EB390089FBF6 /* Frameworks */ = {
			isa = PBXFrameworksBuildPhase;
			buildActionMask = 2147483647;
			files = (
				611D3E8CBDF6B4BB554DACA6 /* Pods_MuZest.framework in Frameworks */,
			);
			runOnlyForDeploymentPostprocessing = 0;
		};
		719391142177EB390089FBF6 /* Frameworks */ = {
			isa = PBXFrameworksBuildPhase;
			buildActionMask = 2147483647;
			files = (
				5BE5010121CAA7061A5A2299 /* Pods_MuZestTests.framework in Frameworks */,
			);
			runOnlyForDeploymentPostprocessing = 0;
		};
		7193911F2177EB390089FBF6 /* Frameworks */ = {
			isa = PBXFrameworksBuildPhase;
			buildActionMask = 2147483647;
			files = (
				5067138F96BD1D4E0DBE5A24 /* Pods_MuZestUITests.framework in Frameworks */,
			);
			runOnlyForDeploymentPostprocessing = 0;
		};
/* End PBXFrameworksBuildPhase section */

/* Begin PBXGroup section */
		568B7F7E64E0F0315C52F909 /* Pods */ = {
			isa = PBXGroup;
			children = (
				CB3DB6B23B870819A74F6827 /* Pods-MuZest.debug.xcconfig */,
				FC8DD2E487288988AB517CA0 /* Pods-MuZest.release.xcconfig */,
				1E43145D8BFFC767D000807F /* Pods-MuZestTests.debug.xcconfig */,
				84AF643D472AF31ADF33C5DD /* Pods-MuZestTests.release.xcconfig */,
				E49CF821C4E400E1284735D4 /* Pods-MuZestUITests.debug.xcconfig */,
				4CD017414691393993F3FF6A /* Pods-MuZestUITests.release.xcconfig */,
			);
			name = Pods;
			sourceTree = "<group>";
		};
		7125717521C0EDCA007553B4 /* Player */ = {
			isa = PBXGroup;
			children = (
				7125717821C0EE42007553B4 /* PlayerManager.swift */,
			);
			path = Player;
			sourceTree = "<group>";
		};
		7125717A21C0EECC007553B4 /* Data */ = {
			isa = PBXGroup;
			children = (
				7125717B21C0EEE3007553B4 /* APIClient.swift */,
				7125717D21C0EEFA007553B4 /* SongModel.swift */,
			);
			path = Data;
			sourceTree = "<group>";
		};
		7125718721C0F306007553B4 /* Category */ = {
			isa = PBXGroup;
			children = (
				7125718821C0F320007553B4 /* UIImage.swift */,
			);
			path = Category;
			sourceTree = "<group>";
		};
		719390FA2177EB390089FBF6 = {
			isa = PBXGroup;
			children = (
				C12D8728217BB39900E678D5 /* Podfile */,
				719391052177EB390089FBF6 /* MuZest */,
				7193911A2177EB390089FBF6 /* MuZestTests */,
				719391252177EB390089FBF6 /* MuZestUITests */,
				719391042177EB390089FBF6 /* Products */,
				568B7F7E64E0F0315C52F909 /* Pods */,
				D8781413DD8BA80839ABC254 /* Frameworks */,
			);
			sourceTree = "<group>";
		};
		719391042177EB390089FBF6 /* Products */ = {
			isa = PBXGroup;
			children = (
				719391032177EB390089FBF6 /* MuZest.app */,
				719391172177EB390089FBF6 /* MuZestTests.xctest */,
				719391222177EB390089FBF6 /* MuZestUITests.xctest */,
			);
			name = Products;
			sourceTree = "<group>";
		};
		719391052177EB390089FBF6 /* MuZest */ = {
			isa = PBXGroup;
			children = (
				A482816A21C878A30088C728 /* Resourses */,
				A4FC859D2185E66A003F7DB1 /* Entities */,
				A4CAF1D12185D14A00FC2C63 /* Modules */,
				C12D8724217BB35800E678D5 /* GoogleService-Info.plist */,
				719391062177EB390089FBF6 /* AppDelegate.swift */,
				7193910A2177EB390089FBF6 /* Main.storyboard */,
				7193910F2177EB390089FBF6 /* LaunchScreen.storyboard */,
				719391122177EB390089FBF6 /* Info.plist */,
			);
			path = MuZest;
			sourceTree = "<group>";
		};
		7193911A2177EB390089FBF6 /* MuZestTests */ = {
			isa = PBXGroup;
			children = (
				7193911B2177EB390089FBF6 /* MuZestTests.swift */,
				7193911D2177EB390089FBF6 /* Info.plist */,
			);
			path = MuZestTests;
			sourceTree = "<group>";
		};
		719391252177EB390089FBF6 /* MuZestUITests */ = {
			isa = PBXGroup;
			children = (
				719391262177EB390089FBF6 /* MuZestUITests.swift */,
				719391282177EB390089FBF6 /* Info.plist */,
			);
			path = MuZestUITests;
			sourceTree = "<group>";
		};
		71CF77AB21A63AC10054CBAC /* Feed */ = {
			isa = PBXGroup;
			children = (
				71CF77AD21A63B3F0054CBAC /* Feed.storyboard */,
				71CF77B121A63BFA0054CBAC /* PostHeaderCell.swift */,
				7185A2DB21A64485009D457B /* PostCell.swift */,
				71CF77B721A63D120054CBAC /* Post.swift */,
				71CF77B521A63CFA0054CBAC /* User.swift */,
				7185A2D921A6425C009D457B /* FeedTableViewController.swift */,
			);
			path = Feed;
			sourceTree = "<group>";
		};
		A41E1E2721898FD1003DB027 /* NetworkReachability */ = {
			isa = PBXGroup;
			children = (
				A41E1E2821898FF1003DB027 /* NetworkReachability.swift */,
			);
			path = NetworkReachability;
			sourceTree = "<group>";
		};
		A482816A21C878A30088C728 /* Resourses */ = {
			isa = PBXGroup;
			children = (
				A482816F21C9252B0088C728 /* Assets.xcassets */,
			);
			path = Resourses;
			sourceTree = "<group>";
		};
		A4BE663E219AD77300E926A6 /* Auth */ = {
			isa = PBXGroup;
			children = (
				A4BE663F219AD7E100E926A6 /* AuthView.swift */,
				A4BE6641219AD83300E926A6 /* AuthProtocols.swift */,
				A4BE6643219AD8A500E926A6 /* AuthConfigurator.swift */,
				A4BE6645219AD8E700E926A6 /* AuthPresenter.swift */,
				A4BE6647219AD8F400E926A6 /* AuthInteractor.swift */,
				A4BE6649219AD90500E926A6 /* AuthRouter.swift */,
			);
			path = Auth;
			sourceTree = "<group>";
		};
		A4C63B7F219DCD8400D4C354 /* CreatingPost */ = {
			isa = PBXGroup;
			children = (
				7125718721C0F306007553B4 /* Category */,
				7125717A21C0EECC007553B4 /* Data */,
				7125717521C0EDCA007553B4 /* Player */,
				A4C63B83219DCE5500D4C354 /* CreatingPost.storyboard */,
				7125718321C0F1D0007553B4 /* PlayerViewController.swift */,
				7125718521C0F2CA007553B4 /* SongDetailViewController.swift */,
				7125718121C0F10C007553B4 /* SongCell.swift */,
				7125717F21C0F078007553B4 /* BrowseViewController.swift */,
				7125717321C07FE4007553B4 /* CreatePostViewController.swift */,
			);
			path = CreatingPost;
			sourceTree = "<group>";
		};
		A4C63B80219DCD9E00D4C354 /* Profile */ = {
			isa = PBXGroup;
			children = (
				A4DA20BF21C08B6200B14B01 /* Settings */,
				A425975921BF165A00DD2132 /* ProfileProtocols.swift */,
				A425975B21BF166C00DD2132 /* ProfilePresenter.swift */,
				A467ADE721C1696C00C12F17 /* ProfileView.swift */,
				A4C63B87219DCEAE00D4C354 /* Profile.storyboard */,
				A425975D21BF168700DD2132 /* ProfileConfigurator.swift */,
				A425975F21BF169B00DD2132 /* ProfileRouter.swift */,
				A425976121BF16B800DD2132 /* ProfileInteractor.swift */,
			);
			path = Profile;
			sourceTree = "<group>";
		};
		A4CAF1D12185D14A00FC2C63 /* Modules */ = {
			isa = PBXGroup;
			children = (
				71CF77AB21A63AC10054CBAC /* Feed */,
				A4C63B80219DCD9E00D4C354 /* Profile */,
				A4C63B7F219DCD8400D4C354 /* CreatingPost */,
				A4BE663E219AD77300E926A6 /* Auth */,
				A41E1E2721898FD1003DB027 /* NetworkReachability */,
				A4CAF1D22185D17E00FC2C63 /* Register */,
			);
			path = Modules;
			sourceTree = "<group>";
		};
		A4CAF1D22185D17E00FC2C63 /* Register */ = {
			isa = PBXGroup;
			children = (
				A4FC858E2185D6EC003F7DB1 /* RegisterView.swift */,
				A4FC85922185D7EC003F7DB1 /* RegisterRouter.swift */,
				A4FC85942185D816003F7DB1 /* RegisterConfigurator.swift */,
				A4FC85962185D828003F7DB1 /* RegisterPresenter.swift */,
				A4FC85982185D842003F7DB1 /* RegisterInteractor.swift */,
				A4FC859A2185D962003F7DB1 /* RegisterProtocols.swift */,
			);
			path = Register;
			sourceTree = "<group>";
		};
		A4DA20BF21C08B6200B14B01 /* Settings */ = {
			isa = PBXGroup;
			children = (
				A4DA20C021C08B8E00B14B01 /* SettingsView.swift */,
				A4DA20C221C08BA100B14B01 /* SettingsProtocols.swift */,
				A4DA20C421C08BB100B14B01 /* SettingsPresenter.swift */,
				A4DA20C621C08BC800B14B01 /* SettingsConfigurator.swift */,
				A4DA20C821C08BDB00B14B01 /* SettingsRouter.swift */,
				A4DA20CA21C08C1C00B14B01 /* SettingsInteractor.swift */,
			);
			path = Settings;
			sourceTree = "<group>";
		};
		A4FC859D2185E66A003F7DB1 /* Entities */ = {
			isa = PBXGroup;
			children = (
				A4DA20CC21C09F4700B14B01 /* Structs.swift */,
			);
			path = Entities;
			sourceTree = "<group>";
		};
		D8781413DD8BA80839ABC254 /* Frameworks */ = {
			isa = PBXGroup;
			children = (
				832E0F6DBBA9640CF5F0DADF /* Pods_MuZest.framework */,
				BC159680DF126814644D620D /* Pods_MuZestTests.framework */,
				19D87E79B646A51D51BB66B6 /* Pods_MuZestUITests.framework */,
			);
			name = Frameworks;
			sourceTree = "<group>";
		};
/* End PBXGroup section */

/* Begin PBXNativeTarget section */
		719391022177EB390089FBF6 /* MuZest */ = {
			isa = PBXNativeTarget;
			buildConfigurationList = 7193912B2177EB390089FBF6 /* Build configuration list for PBXNativeTarget "MuZest" */;
			buildPhases = (
				39C1E3B5E805C0C7878DCF26 /* [CP] Check Pods Manifest.lock */,
				719390FF2177EB390089FBF6 /* Sources */,
				719391002177EB390089FBF6 /* Frameworks */,
				719391012177EB390089FBF6 /* Resources */,
				0B0F960064C64FB4C8C5BCAD /* [CP] Embed Pods Frameworks */,
			);
			buildRules = (
			);
			dependencies = (
			);
			name = MuZest;
			productName = MuZest;
			productReference = 719391032177EB390089FBF6 /* MuZest.app */;
			productType = "com.apple.product-type.application";
		};
		719391162177EB390089FBF6 /* MuZestTests */ = {
			isa = PBXNativeTarget;
			buildConfigurationList = 7193912E2177EB390089FBF6 /* Build configuration list for PBXNativeTarget "MuZestTests" */;
			buildPhases = (
				E201E1A8A5D4B190D1757A76 /* [CP] Check Pods Manifest.lock */,
				719391132177EB390089FBF6 /* Sources */,
				719391142177EB390089FBF6 /* Frameworks */,
				719391152177EB390089FBF6 /* Resources */,
			);
			buildRules = (
			);
			dependencies = (
				719391192177EB390089FBF6 /* PBXTargetDependency */,
			);
			name = MuZestTests;
			productName = MuZestTests;
			productReference = 719391172177EB390089FBF6 /* MuZestTests.xctest */;
			productType = "com.apple.product-type.bundle.unit-test";
		};
		719391212177EB390089FBF6 /* MuZestUITests */ = {
			isa = PBXNativeTarget;
			buildConfigurationList = 719391312177EB390089FBF6 /* Build configuration list for PBXNativeTarget "MuZestUITests" */;
			buildPhases = (
				B6DD14ABA11450AC83F9D0BE /* [CP] Check Pods Manifest.lock */,
				7193911E2177EB390089FBF6 /* Sources */,
				7193911F2177EB390089FBF6 /* Frameworks */,
				719391202177EB390089FBF6 /* Resources */,
			);
			buildRules = (
			);
			dependencies = (
				719391242177EB390089FBF6 /* PBXTargetDependency */,
			);
			name = MuZestUITests;
			productName = MuZestUITests;
			productReference = 719391222177EB390089FBF6 /* MuZestUITests.xctest */;
			productType = "com.apple.product-type.bundle.ui-testing";
		};
/* End PBXNativeTarget section */

/* Begin PBXProject section */
		719390FB2177EB390089FBF6 /* Project object */ = {
			isa = PBXProject;
			attributes = {
				LastSwiftUpdateCheck = 1000;
				LastUpgradeCheck = 1000;
				ORGANIZATIONNAME = "Никита Туманов";
				TargetAttributes = {
					719391022177EB390089FBF6 = {
						CreatedOnToolsVersion = 10.0;
					};
					719391162177EB390089FBF6 = {
						CreatedOnToolsVersion = 10.0;
						TestTargetID = 719391022177EB390089FBF6;
					};
					719391212177EB390089FBF6 = {
						CreatedOnToolsVersion = 10.0;
						TestTargetID = 719391022177EB390089FBF6;
					};
				};
			};
			buildConfigurationList = 719390FE2177EB390089FBF6 /* Build configuration list for PBXProject "MuZest" */;
			compatibilityVersion = "Xcode 9.3";
			developmentRegion = en;
			hasScannedForEncodings = 0;
			knownRegions = (
				en,
				Base,
			);
			mainGroup = 719390FA2177EB390089FBF6;
			productRefGroup = 719391042177EB390089FBF6 /* Products */;
			projectDirPath = "";
			projectRoot = "";
			targets = (
				719391022177EB390089FBF6 /* MuZest */,
				719391162177EB390089FBF6 /* MuZestTests */,
				719391212177EB390089FBF6 /* MuZestUITests */,
			);
		};
/* End PBXProject section */

/* Begin PBXResourcesBuildPhase section */
		719391012177EB390089FBF6 /* Resources */ = {
			isa = PBXResourcesBuildPhase;
			buildActionMask = 2147483647;
			files = (
				71CF77AE21A63B3F0054CBAC /* Feed.storyboard in Resources */,
				C12D8729217BB39900E678D5 /* Podfile in Resources */,
				A4C63B88219DCEAE00D4C354 /* Profile.storyboard in Resources */,
				719391112177EB390089FBF6 /* LaunchScreen.storyboard in Resources */,
				C12D8725217BB35800E678D5 /* GoogleService-Info.plist in Resources */,
				A4C63B84219DCE5500D4C354 /* CreatingPost.storyboard in Resources */,
				A482817021C9252C0088C728 /* Assets.xcassets in Resources */,
				7193910C2177EB390089FBF6 /* Main.storyboard in Resources */,
			);
			runOnlyForDeploymentPostprocessing = 0;
		};
		719391152177EB390089FBF6 /* Resources */ = {
			isa = PBXResourcesBuildPhase;
			buildActionMask = 2147483647;
			files = (
			);
			runOnlyForDeploymentPostprocessing = 0;
		};
		719391202177EB390089FBF6 /* Resources */ = {
			isa = PBXResourcesBuildPhase;
			buildActionMask = 2147483647;
			files = (
			);
			runOnlyForDeploymentPostprocessing = 0;
		};
/* End PBXResourcesBuildPhase section */

/* Begin PBXShellScriptBuildPhase section */
		0B0F960064C64FB4C8C5BCAD /* [CP] Embed Pods Frameworks */ = {
			isa = PBXShellScriptBuildPhase;
			buildActionMask = 2147483647;
			files = (
			);
			inputFileListPaths = (
			);
			inputPaths = (
				"${SRCROOT}/Pods/Target Support Files/Pods-MuZest/Pods-MuZest-frameworks.sh",
				"${BUILT_PRODUCTS_DIR}/GTMSessionFetcher/GTMSessionFetcher.framework",
				"${BUILT_PRODUCTS_DIR}/GoogleUtilities/GoogleUtilities.framework",
				"${BUILT_PRODUCTS_DIR}/MBProgressHUD/MBProgressHUD.framework",
				"${BUILT_PRODUCTS_DIR}/MarqueeLabel/MarqueeLabel.framework",
				"${BUILT_PRODUCTS_DIR}/XCGLogger/XCGLogger.framework",
				"${BUILT_PRODUCTS_DIR}/iTunesSearchAPI/iTunesSearchAPI.framework",
				"${BUILT_PRODUCTS_DIR}/leveldb-library/leveldb.framework",
				"${BUILT_PRODUCTS_DIR}/nanopb/nanopb.framework",
			);
			name = "[CP] Embed Pods Frameworks";
			outputFileListPaths = (
			);
			outputPaths = (
				"${TARGET_BUILD_DIR}/${FRAMEWORKS_FOLDER_PATH}/GTMSessionFetcher.framework",
				"${TARGET_BUILD_DIR}/${FRAMEWORKS_FOLDER_PATH}/GoogleUtilities.framework",
				"${TARGET_BUILD_DIR}/${FRAMEWORKS_FOLDER_PATH}/MBProgressHUD.framework",
				"${TARGET_BUILD_DIR}/${FRAMEWORKS_FOLDER_PATH}/MarqueeLabel.framework",
				"${TARGET_BUILD_DIR}/${FRAMEWORKS_FOLDER_PATH}/XCGLogger.framework",
				"${TARGET_BUILD_DIR}/${FRAMEWORKS_FOLDER_PATH}/iTunesSearchAPI.framework",
				"${TARGET_BUILD_DIR}/${FRAMEWORKS_FOLDER_PATH}/leveldb.framework",
				"${TARGET_BUILD_DIR}/${FRAMEWORKS_FOLDER_PATH}/nanopb.framework",
			);
			runOnlyForDeploymentPostprocessing = 0;
			shellPath = /bin/sh;
			shellScript = "\"${SRCROOT}/Pods/Target Support Files/Pods-MuZest/Pods-MuZest-frameworks.sh\"\n";
			showEnvVarsInLog = 0;
		};
		39C1E3B5E805C0C7878DCF26 /* [CP] Check Pods Manifest.lock */ = {
			isa = PBXShellScriptBuildPhase;
			buildActionMask = 2147483647;
			files = (
			);
			inputFileListPaths = (
			);
			inputPaths = (
				"${PODS_PODFILE_DIR_PATH}/Podfile.lock",
				"${PODS_ROOT}/Manifest.lock",
			);
			name = "[CP] Check Pods Manifest.lock";
			outputFileListPaths = (
			);
			outputPaths = (
				"$(DERIVED_FILE_DIR)/Pods-MuZest-checkManifestLockResult.txt",
			);
			runOnlyForDeploymentPostprocessing = 0;
			shellPath = /bin/sh;
			shellScript = "diff \"${PODS_PODFILE_DIR_PATH}/Podfile.lock\" \"${PODS_ROOT}/Manifest.lock\" > /dev/null\nif [ $? != 0 ] ; then\n    # print error to STDERR\n    echo \"error: The sandbox is not in sync with the Podfile.lock. Run 'pod install' or update your CocoaPods installation.\" >&2\n    exit 1\nfi\n# This output is used by Xcode 'outputs' to avoid re-running this script phase.\necho \"SUCCESS\" > \"${SCRIPT_OUTPUT_FILE_0}\"\n";
			showEnvVarsInLog = 0;
		};
		B6DD14ABA11450AC83F9D0BE /* [CP] Check Pods Manifest.lock */ = {
			isa = PBXShellScriptBuildPhase;
			buildActionMask = 2147483647;
			files = (
			);
			inputFileListPaths = (
			);
			inputPaths = (
				"${PODS_PODFILE_DIR_PATH}/Podfile.lock",
				"${PODS_ROOT}/Manifest.lock",
			);
			name = "[CP] Check Pods Manifest.lock";
			outputFileListPaths = (
			);
			outputPaths = (
				"$(DERIVED_FILE_DIR)/Pods-MuZestUITests-checkManifestLockResult.txt",
			);
			runOnlyForDeploymentPostprocessing = 0;
			shellPath = /bin/sh;
			shellScript = "diff \"${PODS_PODFILE_DIR_PATH}/Podfile.lock\" \"${PODS_ROOT}/Manifest.lock\" > /dev/null\nif [ $? != 0 ] ; then\n    # print error to STDERR\n    echo \"error: The sandbox is not in sync with the Podfile.lock. Run 'pod install' or update your CocoaPods installation.\" >&2\n    exit 1\nfi\n# This output is used by Xcode 'outputs' to avoid re-running this script phase.\necho \"SUCCESS\" > \"${SCRIPT_OUTPUT_FILE_0}\"\n";
			showEnvVarsInLog = 0;
		};
		E201E1A8A5D4B190D1757A76 /* [CP] Check Pods Manifest.lock */ = {
			isa = PBXShellScriptBuildPhase;
			buildActionMask = 2147483647;
			files = (
			);
			inputFileListPaths = (
			);
			inputPaths = (
				"${PODS_PODFILE_DIR_PATH}/Podfile.lock",
				"${PODS_ROOT}/Manifest.lock",
			);
			name = "[CP] Check Pods Manifest.lock";
			outputFileListPaths = (
			);
			outputPaths = (
				"$(DERIVED_FILE_DIR)/Pods-MuZestTests-checkManifestLockResult.txt",
			);
			runOnlyForDeploymentPostprocessing = 0;
			shellPath = /bin/sh;
			shellScript = "diff \"${PODS_PODFILE_DIR_PATH}/Podfile.lock\" \"${PODS_ROOT}/Manifest.lock\" > /dev/null\nif [ $? != 0 ] ; then\n    # print error to STDERR\n    echo \"error: The sandbox is not in sync with the Podfile.lock. Run 'pod install' or update your CocoaPods installation.\" >&2\n    exit 1\nfi\n# This output is used by Xcode 'outputs' to avoid re-running this script phase.\necho \"SUCCESS\" > \"${SCRIPT_OUTPUT_FILE_0}\"\n";
			showEnvVarsInLog = 0;
		};
/* End PBXShellScriptBuildPhase section */

/* Begin PBXSourcesBuildPhase section */
		719390FF2177EB390089FBF6 /* Sources */ = {
			isa = PBXSourcesBuildPhase;
			buildActionMask = 2147483647;
			files = (
				A4DA20CD21C09F4700B14B01 /* Structs.swift in Sources */,
				A425976021BF169B00DD2132 /* ProfileRouter.swift in Sources */,
				A425975C21BF166C00DD2132 /* ProfilePresenter.swift in Sources */,
				A4FC85952185D816003F7DB1 /* RegisterConfigurator.swift in Sources */,
				A4DA20C721C08BC800B14B01 /* SettingsConfigurator.swift in Sources */,
				7125717421C07FE4007553B4 /* CreatePostViewController.swift in Sources */,
				A4FC858F2185D6EC003F7DB1 /* RegisterView.swift in Sources */,
				A4BE6648219AD8F400E926A6 /* AuthInteractor.swift in Sources */,
				A4BE6644219AD8A500E926A6 /* AuthConfigurator.swift in Sources */,
				A4BE6640219AD7E100E926A6 /* AuthView.swift in Sources */,
				7125717921C0EE42007553B4 /* PlayerManager.swift in Sources */,
				A4FC859B2185D962003F7DB1 /* RegisterProtocols.swift in Sources */,
				A4DA20C921C08BDB00B14B01 /* SettingsRouter.swift in Sources */,
				A467ADE821C1696C00C12F17 /* ProfileView.swift in Sources */,
				A425975E21BF168700DD2132 /* ProfileConfigurator.swift in Sources */,
				7185A2DA21A6425C009D457B /* FeedTableViewController.swift in Sources */,
				71CF77B821A63D120054CBAC /* Post.swift in Sources */,
				A4FC85992185D842003F7DB1 /* RegisterInteractor.swift in Sources */,
				A4BE664A219AD90500E926A6 /* AuthRouter.swift in Sources */,
				A4DA20CB21C08C1C00B14B01 /* SettingsInteractor.swift in Sources */,
				719391072177EB390089FBF6 /* AppDelegate.swift in Sources */,
				7125718421C0F1D0007553B4 /* PlayerViewController.swift in Sources */,
				7125718221C0F10C007553B4 /* SongCell.swift in Sources */,
				7125718021C0F078007553B4 /* BrowseViewController.swift in Sources */,
				A4FC85932185D7EC003F7DB1 /* RegisterRouter.swift in Sources */,
				A425975A21BF165A00DD2132 /* ProfileProtocols.swift in Sources */,
				7125718621C0F2CA007553B4 /* SongDetailViewController.swift in Sources */,
				7125718921C0F320007553B4 /* UIImage.swift in Sources */,
				71CF77B221A63BFA0054CBAC /* PostHeaderCell.swift in Sources */,
				A4FC85972185D828003F7DB1 /* RegisterPresenter.swift in Sources */,
				A41E1E2921898FF1003DB027 /* NetworkReachability.swift in Sources */,
				7125717E21C0EEFA007553B4 /* SongModel.swift in Sources */,
				A4BE6642219AD83300E926A6 /* AuthProtocols.swift in Sources */,
				71CF77B621A63CFA0054CBAC /* User.swift in Sources */,
				A4DA20C321C08BA100B14B01 /* SettingsProtocols.swift in Sources */,
				A425976221BF16B800DD2132 /* ProfileInteractor.swift in Sources */,
				A4BE6646219AD8E700E926A6 /* AuthPresenter.swift in Sources */,
				7125717C21C0EEE3007553B4 /* APIClient.swift in Sources */,
				7185A2DC21A64485009D457B /* PostCell.swift in Sources */,
				A4DA20C121C08B8E00B14B01 /* SettingsView.swift in Sources */,
				A4DA20C521C08BB100B14B01 /* SettingsPresenter.swift in Sources */,
			);
			runOnlyForDeploymentPostprocessing = 0;
		};
		719391132177EB390089FBF6 /* Sources */ = {
			isa = PBXSourcesBuildPhase;
			buildActionMask = 2147483647;
			files = (
				7193911C2177EB390089FBF6 /* MuZestTests.swift in Sources */,
			);
			runOnlyForDeploymentPostprocessing = 0;
		};
		7193911E2177EB390089FBF6 /* Sources */ = {
			isa = PBXSourcesBuildPhase;
			buildActionMask = 2147483647;
			files = (
				719391272177EB390089FBF6 /* MuZestUITests.swift in Sources */,
			);
			runOnlyForDeploymentPostprocessing = 0;
		};
/* End PBXSourcesBuildPhase section */

/* Begin PBXTargetDependency section */
		719391192177EB390089FBF6 /* PBXTargetDependency */ = {
			isa = PBXTargetDependency;
			target = 719391022177EB390089FBF6 /* MuZest */;
			targetProxy = 719391182177EB390089FBF6 /* PBXContainerItemProxy */;
		};
		719391242177EB390089FBF6 /* PBXTargetDependency */ = {
			isa = PBXTargetDependency;
			target = 719391022177EB390089FBF6 /* MuZest */;
			targetProxy = 719391232177EB390089FBF6 /* PBXContainerItemProxy */;
		};
/* End PBXTargetDependency section */

/* Begin PBXVariantGroup section */
		7193910A2177EB390089FBF6 /* Main.storyboard */ = {
			isa = PBXVariantGroup;
			children = (
				7193910B2177EB390089FBF6 /* Base */,
			);
			name = Main.storyboard;
			sourceTree = "<group>";
		};
		7193910F2177EB390089FBF6 /* LaunchScreen.storyboard */ = {
			isa = PBXVariantGroup;
			children = (
				719391102177EB390089FBF6 /* Base */,
			);
			name = LaunchScreen.storyboard;
			sourceTree = "<group>";
		};
/* End PBXVariantGroup section */

/* Begin XCBuildConfiguration section */
		719391292177EB390089FBF6 /* Debug */ = {
			isa = XCBuildConfiguration;
			buildSettings = {
				ALWAYS_SEARCH_USER_PATHS = NO;
				CLANG_ANALYZER_NONNULL = YES;
				CLANG_ANALYZER_NUMBER_OBJECT_CONVERSION = YES_AGGRESSIVE;
				CLANG_CXX_LANGUAGE_STANDARD = "gnu++14";
				CLANG_CXX_LIBRARY = "libc++";
				CLANG_ENABLE_MODULES = YES;
				CLANG_ENABLE_OBJC_ARC = YES;
				CLANG_ENABLE_OBJC_WEAK = YES;
				CLANG_WARN_BLOCK_CAPTURE_AUTORELEASING = YES;
				CLANG_WARN_BOOL_CONVERSION = YES;
				CLANG_WARN_COMMA = YES;
				CLANG_WARN_CONSTANT_CONVERSION = YES;
				CLANG_WARN_DEPRECATED_OBJC_IMPLEMENTATIONS = YES;
				CLANG_WARN_DIRECT_OBJC_ISA_USAGE = YES_ERROR;
				CLANG_WARN_DOCUMENTATION_COMMENTS = YES;
				CLANG_WARN_EMPTY_BODY = YES;
				CLANG_WARN_ENUM_CONVERSION = YES;
				CLANG_WARN_INFINITE_RECURSION = YES;
				CLANG_WARN_INT_CONVERSION = YES;
				CLANG_WARN_NON_LITERAL_NULL_CONVERSION = YES;
				CLANG_WARN_OBJC_IMPLICIT_RETAIN_SELF = YES;
				CLANG_WARN_OBJC_LITERAL_CONVERSION = YES;
				CLANG_WARN_OBJC_ROOT_CLASS = YES_ERROR;
				CLANG_WARN_RANGE_LOOP_ANALYSIS = YES;
				CLANG_WARN_STRICT_PROTOTYPES = YES;
				CLANG_WARN_SUSPICIOUS_MOVE = YES;
				CLANG_WARN_UNGUARDED_AVAILABILITY = YES_AGGRESSIVE;
				CLANG_WARN_UNREACHABLE_CODE = YES;
				CLANG_WARN__DUPLICATE_METHOD_MATCH = YES;
				CODE_SIGN_IDENTITY = "iPhone Developer";
				COPY_PHASE_STRIP = NO;
				DEBUG_INFORMATION_FORMAT = dwarf;
				ENABLE_STRICT_OBJC_MSGSEND = YES;
				ENABLE_TESTABILITY = YES;
				GCC_C_LANGUAGE_STANDARD = gnu11;
				GCC_DYNAMIC_NO_PIC = NO;
				GCC_NO_COMMON_BLOCKS = YES;
				GCC_OPTIMIZATION_LEVEL = 0;
				GCC_PREPROCESSOR_DEFINITIONS = (
					"DEBUG=1",
					"$(inherited)",
				);
				GCC_WARN_64_TO_32_BIT_CONVERSION = YES;
				GCC_WARN_ABOUT_RETURN_TYPE = YES_ERROR;
				GCC_WARN_UNDECLARED_SELECTOR = YES;
				GCC_WARN_UNINITIALIZED_AUTOS = YES_AGGRESSIVE;
				GCC_WARN_UNUSED_FUNCTION = YES;
				GCC_WARN_UNUSED_VARIABLE = YES;
				IPHONEOS_DEPLOYMENT_TARGET = 12.0;
				MTL_ENABLE_DEBUG_INFO = INCLUDE_SOURCE;
				MTL_FAST_MATH = YES;
				ONLY_ACTIVE_ARCH = YES;
				SDKROOT = iphoneos;
				SWIFT_ACTIVE_COMPILATION_CONDITIONS = DEBUG;
				SWIFT_OPTIMIZATION_LEVEL = "-Onone";
			};
			name = Debug;
		};
		7193912A2177EB390089FBF6 /* Release */ = {
			isa = XCBuildConfiguration;
			buildSettings = {
				ALWAYS_SEARCH_USER_PATHS = NO;
				CLANG_ANALYZER_NONNULL = YES;
				CLANG_ANALYZER_NUMBER_OBJECT_CONVERSION = YES_AGGRESSIVE;
				CLANG_CXX_LANGUAGE_STANDARD = "gnu++14";
				CLANG_CXX_LIBRARY = "libc++";
				CLANG_ENABLE_MODULES = YES;
				CLANG_ENABLE_OBJC_ARC = YES;
				CLANG_ENABLE_OBJC_WEAK = YES;
				CLANG_WARN_BLOCK_CAPTURE_AUTORELEASING = YES;
				CLANG_WARN_BOOL_CONVERSION = YES;
				CLANG_WARN_COMMA = YES;
				CLANG_WARN_CONSTANT_CONVERSION = YES;
				CLANG_WARN_DEPRECATED_OBJC_IMPLEMENTATIONS = YES;
				CLANG_WARN_DIRECT_OBJC_ISA_USAGE = YES_ERROR;
				CLANG_WARN_DOCUMENTATION_COMMENTS = YES;
				CLANG_WARN_EMPTY_BODY = YES;
				CLANG_WARN_ENUM_CONVERSION = YES;
				CLANG_WARN_INFINITE_RECURSION = YES;
				CLANG_WARN_INT_CONVERSION = YES;
				CLANG_WARN_NON_LITERAL_NULL_CONVERSION = YES;
				CLANG_WARN_OBJC_IMPLICIT_RETAIN_SELF = YES;
				CLANG_WARN_OBJC_LITERAL_CONVERSION = YES;
				CLANG_WARN_OBJC_ROOT_CLASS = YES_ERROR;
				CLANG_WARN_RANGE_LOOP_ANALYSIS = YES;
				CLANG_WARN_STRICT_PROTOTYPES = YES;
				CLANG_WARN_SUSPICIOUS_MOVE = YES;
				CLANG_WARN_UNGUARDED_AVAILABILITY = YES_AGGRESSIVE;
				CLANG_WARN_UNREACHABLE_CODE = YES;
				CLANG_WARN__DUPLICATE_METHOD_MATCH = YES;
				CODE_SIGN_IDENTITY = "iPhone Developer";
				COPY_PHASE_STRIP = NO;
				DEBUG_INFORMATION_FORMAT = "dwarf-with-dsym";
				ENABLE_NS_ASSERTIONS = NO;
				ENABLE_STRICT_OBJC_MSGSEND = YES;
				GCC_C_LANGUAGE_STANDARD = gnu11;
				GCC_NO_COMMON_BLOCKS = YES;
				GCC_WARN_64_TO_32_BIT_CONVERSION = YES;
				GCC_WARN_ABOUT_RETURN_TYPE = YES_ERROR;
				GCC_WARN_UNDECLARED_SELECTOR = YES;
				GCC_WARN_UNINITIALIZED_AUTOS = YES_AGGRESSIVE;
				GCC_WARN_UNUSED_FUNCTION = YES;
				GCC_WARN_UNUSED_VARIABLE = YES;
				IPHONEOS_DEPLOYMENT_TARGET = 12.0;
				MTL_ENABLE_DEBUG_INFO = NO;
				MTL_FAST_MATH = YES;
				SDKROOT = iphoneos;
				SWIFT_COMPILATION_MODE = wholemodule;
				SWIFT_OPTIMIZATION_LEVEL = "-O";
				VALIDATE_PRODUCT = YES;
			};
			name = Release;
		};
		7193912C2177EB390089FBF6 /* Debug */ = {
			isa = XCBuildConfiguration;
			baseConfigurationReference = CB3DB6B23B870819A74F6827 /* Pods-MuZest.debug.xcconfig */;
			buildSettings = {
				ASSETCATALOG_COMPILER_APPICON_NAME = AppIcon;
				CODE_SIGN_IDENTITY = "iPhone Developer";
				CODE_SIGN_STYLE = Manual;
				DEVELOPMENT_TEAM = "";
				INFOPLIST_FILE = MuZest/Info.plist;
				LD_RUNPATH_SEARCH_PATHS = (
					"$(inherited)",
					"@executable_path/Frameworks",
				);
				PRODUCT_BUNDLE_IDENTIFIER = MuZest;
				PRODUCT_NAME = "$(TARGET_NAME)";
				PROVISIONING_PROFILE_SPECIFIER = "";
				SWIFT_VERSION = 4.2;
				TARGETED_DEVICE_FAMILY = "1,2";
			};
			name = Debug;
		};
		7193912D2177EB390089FBF6 /* Release */ = {
			isa = XCBuildConfiguration;
			baseConfigurationReference = FC8DD2E487288988AB517CA0 /* Pods-MuZest.release.xcconfig */;
			buildSettings = {
				ASSETCATALOG_COMPILER_APPICON_NAME = AppIcon;
				CODE_SIGN_IDENTITY = "iPhone Developer";
				CODE_SIGN_STYLE = Manual;
				DEVELOPMENT_TEAM = "";
				INFOPLIST_FILE = MuZest/Info.plist;
				LD_RUNPATH_SEARCH_PATHS = (
					"$(inherited)",
					"@executable_path/Frameworks",
				);
				PRODUCT_BUNDLE_IDENTIFIER = MuZest;
				PRODUCT_NAME = "$(TARGET_NAME)";
				PROVISIONING_PROFILE_SPECIFIER = "";
				SWIFT_VERSION = 4.2;
				TARGETED_DEVICE_FAMILY = "1,2";
			};
			name = Release;
		};
		7193912F2177EB390089FBF6 /* Debug */ = {
			isa = XCBuildConfiguration;
			baseConfigurationReference = 1E43145D8BFFC767D000807F /* Pods-MuZestTests.debug.xcconfig */;
			buildSettings = {
				ALWAYS_EMBED_SWIFT_STANDARD_LIBRARIES = YES;
				BUNDLE_LOADER = "$(TEST_HOST)";
				CODE_SIGN_STYLE = Automatic;
				DEVELOPMENT_TEAM = SH6N8F67Q7;
				INFOPLIST_FILE = MuZestTests/Info.plist;
				LD_RUNPATH_SEARCH_PATHS = (
					"$(inherited)",
					"@executable_path/Frameworks",
					"@loader_path/Frameworks",
				);
				PRODUCT_BUNDLE_IDENTIFIER = "-.MuZestTests";
				PRODUCT_NAME = "$(TARGET_NAME)";
				SWIFT_VERSION = 4.2;
				TARGETED_DEVICE_FAMILY = "1,2";
				TEST_HOST = "$(BUILT_PRODUCTS_DIR)/MuZest.app/MuZest";
			};
			name = Debug;
		};
		719391302177EB390089FBF6 /* Release */ = {
			isa = XCBuildConfiguration;
			baseConfigurationReference = 84AF643D472AF31ADF33C5DD /* Pods-MuZestTests.release.xcconfig */;
			buildSettings = {
				ALWAYS_EMBED_SWIFT_STANDARD_LIBRARIES = YES;
				BUNDLE_LOADER = "$(TEST_HOST)";
				CODE_SIGN_STYLE = Automatic;
				DEVELOPMENT_TEAM = SH6N8F67Q7;
				INFOPLIST_FILE = MuZestTests/Info.plist;
				LD_RUNPATH_SEARCH_PATHS = (
					"$(inherited)",
					"@executable_path/Frameworks",
					"@loader_path/Frameworks",
				);
				PRODUCT_BUNDLE_IDENTIFIER = "-.MuZestTests";
				PRODUCT_NAME = "$(TARGET_NAME)";
				SWIFT_VERSION = 4.2;
				TARGETED_DEVICE_FAMILY = "1,2";
				TEST_HOST = "$(BUILT_PRODUCTS_DIR)/MuZest.app/MuZest";
			};
			name = Release;
		};
		719391322177EB390089FBF6 /* Debug */ = {
			isa = XCBuildConfiguration;
			baseConfigurationReference = E49CF821C4E400E1284735D4 /* Pods-MuZestUITests.debug.xcconfig */;
			buildSettings = {
				ALWAYS_EMBED_SWIFT_STANDARD_LIBRARIES = YES;
				CODE_SIGN_STYLE = Automatic;
				DEVELOPMENT_TEAM = SH6N8F67Q7;
				INFOPLIST_FILE = MuZestUITests/Info.plist;
				LD_RUNPATH_SEARCH_PATHS = (
					"$(inherited)",
					"@executable_path/Frameworks",
					"@loader_path/Frameworks",
				);
				PRODUCT_BUNDLE_IDENTIFIER = "-.MuZestUITests";
				PRODUCT_NAME = "$(TARGET_NAME)";
				SWIFT_VERSION = 4.2;
				TARGETED_DEVICE_FAMILY = "1,2";
				TEST_TARGET_NAME = MuZest;
			};
			name = Debug;
		};
		719391332177EB390089FBF6 /* Release */ = {
			isa = XCBuildConfiguration;
			baseConfigurationReference = 4CD017414691393993F3FF6A /* Pods-MuZestUITests.release.xcconfig */;
			buildSettings = {
				ALWAYS_EMBED_SWIFT_STANDARD_LIBRARIES = YES;
				CODE_SIGN_STYLE = Automatic;
				DEVELOPMENT_TEAM = SH6N8F67Q7;
				INFOPLIST_FILE = MuZestUITests/Info.plist;
				LD_RUNPATH_SEARCH_PATHS = (
					"$(inherited)",
					"@executable_path/Frameworks",
					"@loader_path/Frameworks",
				);
				PRODUCT_BUNDLE_IDENTIFIER = "-.MuZestUITests";
				PRODUCT_NAME = "$(TARGET_NAME)";
				SWIFT_VERSION = 4.2;
				TARGETED_DEVICE_FAMILY = "1,2";
				TEST_TARGET_NAME = MuZest;
			};
			name = Release;
		};
/* End XCBuildConfiguration section */

/* Begin XCConfigurationList section */
		719390FE2177EB390089FBF6 /* Build configuration list for PBXProject "MuZest" */ = {
			isa = XCConfigurationList;
			buildConfigurations = (
				719391292177EB390089FBF6 /* Debug */,
				7193912A2177EB390089FBF6 /* Release */,
			);
			defaultConfigurationIsVisible = 0;
			defaultConfigurationName = Release;
		};
		7193912B2177EB390089FBF6 /* Build configuration list for PBXNativeTarget "MuZest" */ = {
			isa = XCConfigurationList;
			buildConfigurations = (
				7193912C2177EB390089FBF6 /* Debug */,
				7193912D2177EB390089FBF6 /* Release */,
			);
			defaultConfigurationIsVisible = 0;
			defaultConfigurationName = Release;
		};
		7193912E2177EB390089FBF6 /* Build configuration list for PBXNativeTarget "MuZestTests" */ = {
			isa = XCConfigurationList;
			buildConfigurations = (
				7193912F2177EB390089FBF6 /* Debug */,
				719391302177EB390089FBF6 /* Release */,
			);
			defaultConfigurationIsVisible = 0;
			defaultConfigurationName = Release;
		};
		719391312177EB390089FBF6 /* Build configuration list for PBXNativeTarget "MuZestUITests" */ = {
			isa = XCConfigurationList;
			buildConfigurations = (
				719391322177EB390089FBF6 /* Debug */,
				719391332177EB390089FBF6 /* Release */,
			);
			defaultConfigurationIsVisible = 0;
			defaultConfigurationName = Release;
		};
/* End XCConfigurationList section */
	};
	rootObject = 719390FB2177EB390089FBF6 /* Project object */;
}
